
Microsoft Visual Studio Solution File, Format Version 12.00
# Visual Studio 15
VisualStudioVersion = 15.0.28307.421
MinimumVisualStudioVersion = 10.0.40219.1
Project("{FAE04EC0-301F-11D3-BF4B-00C04F79EFBC}") = "WPFApp", "WPFApp\WPFApp.csproj", "{5448C4B6-C96B-4F5F-B0E3-674D1FC5A0A8}"
EndProject
Project("{FAE04EC0-301F-11D3-BF4B-00C04F79EFBC}") = "WpfAppOneWayBinding", "WpfAppOneWayBinding\WpfAppOneWayBinding.csproj", "{EDDF3820-E1E5-4BD2-AE2B-CCFB5CDDBF08}"
EndProject
Project("{FAE04EC0-301F-11D3-BF4B-00C04F79EFBC}") = "WpfAppDataBindingTwoWay", "WpfAppDataBindingTwoWay\WpfAppDataBindingTwoWay.csproj", "{78056535-B693-4D61-92E2-7A4197C16CA2}"
EndProject
Project("{FAE04EC0-301F-11D3-BF4B-00C04F79EFBC}") = "DataBindingList", "DataBindingList\DataBindingList.csproj", "{ADC37160-F4D9-404A-A6AB-8D257E3DB6B7}"
EndProject
Project("{FAE04EC0-301F-11D3-BF4B-00C04F79EFBC}") = "AsynchronousDemo", "AsynchronousDemo\AsynchronousDemo.csproj", "{BC08B800-EEEA-47D8-BFBE-D54E27B7DBF6}"
EndProject
Project("{FAE04EC0-301F-11D3-BF4B-00C04F79EFBC}") = "TabControl", "TabControl\TabControl.csproj", "{A6B76259-E33F-426D-8047-F61105EDEBAA}"
EndProject
Project("{FAE04EC0-301F-11D3-BF4B-00C04F79EFBC}") = "TreeView", "TreeView\TreeView.csproj", "{6E20ADE6-4698-4A14-89A1-98274573F60A}"
EndProject
Project("{FAE04EC0-301F-11D3-BF4B-00C04F79EFBC}") = "WPFAnimation", "WPFAnimation\WPFAnimation.csproj", "{3B54912F-E84C-4D80-BA36-C131B03C5659}"
EndProject
Project("{FAE04EC0-301F-11D3-BF4B-00C04F79EFBC}") = "AnimationProp", "AnimationProp\AnimationProp.csproj", "{B3BF8799-4A74-4774-99FF-79F7ABF25FBE}"
EndProject
Global
	GlobalSection(SolutionConfigurationPlatforms) = preSolution
		Debug|Any CPU = Debug|Any CPU
		Release|Any CPU = Release|Any CPU
	EndGlobalSection
	GlobalSection(ProjectConfigurationPlatforms) = postSolution
		{5448C4B6-C96B-4F5F-B0E3-674D1FC5A0A8}.Debug|Any CPU.ActiveCfg = Debug|Any CPU
		{5448C4B6-C96B-4F5F-B0E3-674D1FC5A0A8}.Debug|Any CPU.Build.0 = Debug|Any CPU
		{5448C4B6-C96B-4F5F-B0E3-674D1FC5A0A8}.Release|Any CPU.ActiveCfg = Release|Any CPU
		{5448C4B6-C96B-4F5F-B0E3-674D1FC5A0A8}.Release|Any CPU.Build.0 = Release|Any CPU
		{EDDF3820-E1E5-4BD2-AE2B-CCFB5CDDBF08}.Debug|Any CPU.ActiveCfg = Debug|Any CPU
		{EDDF3820-E1E5-4BD2-AE2B-CCFB5CDDBF08}.Debug|Any CPU.Build.0 = Debug|Any CPU
		{EDDF3820-E1E5-4BD2-AE2B-CCFB5CDDBF08}.Release|Any CPU.ActiveCfg = Release|Any CPU
		{EDDF3820-E1E5-4BD2-AE2B-CCFB5CDDBF08}.Release|Any CPU.Build.0 = Release|Any CPU
		{78056535-B693-4D61-92E2-7A4197C16CA2}.Debug|Any CPU.ActiveCfg = Debug|Any CPU
		{78056535-B693-4D61-92E2-7A4197C16CA2}.Debug|Any CPU.Build.0 = Debug|Any CPU
		{78056535-B693-4D61-92E2-7A4197C16CA2}.Release|Any CPU.ActiveCfg = Release|Any CPU
		{78056535-B693-4D61-92E2-7A4197C16CA2}.Release|Any CPU.Build.0 = Release|Any CPU
		{ADC37160-F4D9-404A-A6AB-8D257E3DB6B7}.Debug|Any CPU.ActiveCfg = Debug|Any CPU
		{ADC37160-F4D9-404A-A6AB-8D257E3DB6B7}.Debug|Any CPU.Build.0 = Debug|Any CPU
		{ADC37160-F4D9-404A-A6AB-8D257E3DB6B7}.Release|Any CPU.ActiveCfg = Release|Any CPU
		{ADC37160-F4D9-404A-A6AB-8D257E3DB6B7}.Release|Any CPU.Build.0 = Release|Any CPU
		{BC08B800-EEEA-47D8-BFBE-D54E27B7DBF6}.Debug|Any CPU.ActiveCfg = Debug|Any CPU
		{BC08B800-EEEA-47D8-BFBE-D54E27B7DBF6}.Debug|Any CPU.Build.0 = Debug|Any CPU
		{BC08B800-EEEA-47D8-BFBE-D54E27B7DBF6}.Release|Any CPU.ActiveCfg = Release|Any CPU
		{BC08B800-EEEA-47D8-BFBE-D54E27B7DBF6}.Release|Any CPU.Build.0 = Release|Any CPU
		{A6B76259-E33F-426D-8047-F61105EDEBAA}.Debug|Any CPU.ActiveCfg = Debug|Any CPU
		{A6B76259-E33F-426D-8047-F61105EDEBAA}.Debug|Any CPU.Build.0 = Debug|Any CPU
		{A6B76259-E33F-426D-8047-F61105EDEBAA}.Release|Any CPU.ActiveCfg = Release|Any CPU
		{A6B76259-E33F-426D-8047-F61105EDEBAA}.Release|Any CPU.Build.0 = Release|Any CPU
		{6E20ADE6-4698-4A14-89A1-98274573F60A}.Debug|Any CPU.ActiveCfg = Debug|Any CPU
		{6E20ADE6-4698-4A14-89A1-98274573F60A}.Debug|Any CPU.Build.0 = Debug|Any CPU
		{6E20ADE6-4698-4A14-89A1-98274573F60A}.Release|Any CPU.ActiveCfg = Release|Any CPU
		{6E20ADE6-4698-4A14-89A1-98274573F60A}.Release|Any CPU.Build.0 = Release|Any CPU
		{3B54912F-E84C-4D80-BA36-C131B03C5659}.Debug|Any CPU.ActiveCfg = Debug|Any CPU
		{3B54912F-E84C-4D80-BA36-C131B03C5659}.Debug|Any CPU.Build.0 = Debug|Any CPU
		{3B54912F-E84C-4D80-BA36-C131B03C5659}.Release|Any CPU.ActiveCfg = Release|Any CPU
		{3B54912F-E84C-4D80-BA36-C131B03C5659}.Release|Any CPU.Build.0 = Release|Any CPU
		{B3BF8799-4A74-4774-99FF-79F7ABF25FBE}.Debug|Any CPU.ActiveCfg = Debug|Any CPU
		{B3BF8799-4A74-4774-99FF-79F7ABF25FBE}.Debug|Any CPU.Build.0 = Debug|Any CPU
		{B3BF8799-4A74-4774-99FF-79F7ABF25FBE}.Release|Any CPU.ActiveCfg = Release|Any CPU
		{B3BF8799-4A74-4774-99FF-79F7ABF25FBE}.Release|Any CPU.Build.0 = Release|Any CPU
	EndGlobalSection
	GlobalSection(SolutionProperties) = preSolution
		HideSolutionNode = FALSE
	EndGlobalSection
	GlobalSection(ExtensibilityGlobals) = postSolution
		SolutionGuid = {BE6EFC09-EF87-4E7E-85EC-814C4572CAF4}
	EndGlobalSection
EndGlobal
